
Microsoft Visual Studio Solution File, Format Version 12.00
# Visual Studio Version 17
VisualStudioVersion = 17.10.34916.146
MinimumVisualStudioVersion = 10.0.40219.1
Project("{9A19103F-16F7-4668-BE54-9A1E7A4F7556}") = "NokPortalAPI", "NokPortalAPI.csproj", "{BFB5DA65-BC86-4D1F-9341-E9CAA8B8087E}"
EndProject
Project("{2150E333-8FDC-42A3-9474-1A3956D46DE8}") = "Solution Items", "Solution Items", "{8B066A70-A13B-45D3-A9F6-518FEDE2EDCF}"
	ProjectSection(SolutionItems) = preProject
		.editorconfig = .editorconfig
	EndProjectSection
EndProject
Project("{9A19103F-16F7-4668-BE54-9A1E7A4F7556}") = "NokConnectPoint", "..\NokConnectPoint\NokConnectPoint.csproj", "{0F1B6EDA-2F71-4822-BD2B-35087A1DEAFA}"
EndProject
Project("{9A19103F-16F7-4668-BE54-9A1E7A4F7556}") = "NokAir.Core", "..\NokAir.Core\NokAir.Core.csproj", "{E42E2760-EE26-4CA9-BEBD-E9409D4A8CED}"
EndProject
Project("{9A19103F-16F7-4668-BE54-9A1E7A4F7556}") = "NokAir.Shared", "..\NokAir.Shared\NokAir.Shared.csproj", "{C5403555-FE98-4F2C-99E6-EA5FCDCD849C}"
EndProject
Global
	GlobalSection(SolutionConfigurationPlatforms) = preSolution
		Debug|Any CPU = Debug|Any CPU
		Release|Any CPU = Release|Any CPU
	EndGlobalSection
	GlobalSection(ProjectConfigurationPlatforms) = postSolution
		{BFB5DA65-BC86-4D1F-9341-E9CAA8B8087E}.Debug|Any CPU.ActiveCfg = Debug|Any CPU
		{BFB5DA65-BC86-4D1F-9341-E9CAA8B8087E}.Debug|Any CPU.Build.0 = Debug|Any CPU
		{BFB5DA65-BC86-4D1F-9341-E9CAA8B8087E}.Release|Any CPU.ActiveCfg = Release|Any CPU
		{BFB5DA65-BC86-4D1F-9341-E9CAA8B8087E}.Release|Any CPU.Build.0 = Release|Any CPU
		{0F1B6EDA-2F71-4822-BD2B-35087A1DEAFA}.Debug|Any CPU.ActiveCfg = Debug|Any CPU
		{0F1B6EDA-2F71-4822-BD2B-35087A1DEAFA}.Debug|Any CPU.Build.0 = Debug|Any CPU
		{0F1B6EDA-2F71-4822-BD2B-35087A1DEAFA}.Release|Any CPU.ActiveCfg = Release|Any CPU
		{0F1B6EDA-2F71-4822-BD2B-35087A1DEAFA}.Release|Any CPU.Build.0 = Release|Any CPU
		{E42E2760-EE26-4CA9-BEBD-E9409D4A8CED}.Debug|Any CPU.ActiveCfg = Debug|Any CPU
		{E42E2760-EE26-4CA9-BEBD-E9409D4A8CED}.Debug|Any CPU.Build.0 = Debug|Any CPU
		{E42E2760-EE26-4CA9-BEBD-E9409D4A8CED}.Release|Any CPU.ActiveCfg = Release|Any CPU
		{E42E2760-EE26-4CA9-BEBD-E9409D4A8CED}.Release|Any CPU.Build.0 = Release|Any CPU
		{C5403555-FE98-4F2C-99E6-EA5FCDCD849C}.Debug|Any CPU.ActiveCfg = Debug|Any CPU
		{C5403555-FE98-4F2C-99E6-EA5FCDCD849C}.Debug|Any CPU.Build.0 = Debug|Any CPU
		{C5403555-FE98-4F2C-99E6-EA5FCDCD849C}.Release|Any CPU.ActiveCfg = Release|Any CPU
		{C5403555-FE98-4F2C-99E6-EA5FCDCD849C}.Release|Any CPU.Build.0 = Release|Any CPU
	EndGlobalSection
	GlobalSection(SolutionProperties) = preSolution
		HideSolutionNode = FALSE
	EndGlobalSection
	GlobalSection(ExtensibilityGlobals) = postSolution
		SolutionGuid = {D2F44927-2467-4E3E-B884-2FFD59374FF9}
	EndGlobalSection
EndGlobal
