
Microsoft Visual Studio Solution File, Format Version 12.00
# Visual Studio Version 17
VisualStudioVersion = 17.10.34916.146
MinimumVisualStudioVersion = 10.0.40219.1
Project("{9A19103F-16F7-4668-BE54-9A1E7A4F7556}") = "NokPortalAPI", "NokPortalAPI.csproj", "{BFB5DA65-BC86-4D1F-9341-E9CAA8B8087E}"
EndProject
Project("{2150E333-8FDC-42A3-9474-1A3956D46DE8}") = "Solution Items", "Solution Items", "{8B066A70-A13B-45D3-A9F6-518FEDE2EDCF}"
	ProjectSection(SolutionItems) = preProject
		.editorconfig = .editorconfig
	EndProjectSection
EndProject
Project("{FAE04EC0-301F-11D3-BF4B-00C04F79EFBC}") = "NokAir.Core", "..\NokAirSolution\NokAir.Core\NokAir.Core.csproj", "{D11AE000-D301-F01A-AAC1-A89A7A3B6F45}"
EndProject
Project("{FAE04EC0-301F-11D3-BF4B-00C04F79EFBC}") = "NokAir.Shared", "..\NokAirSolution\NokAir.Shared\NokAir.Shared.csproj", "{1A276E1C-193F-179D-0243-CFB89B861CF5}"
EndProject
Global
	GlobalSection(SolutionConfigurationPlatforms) = preSolution
		Debug|Any CPU = Debug|Any CPU
		Release|Any CPU = Release|Any CPU
	EndGlobalSection
	GlobalSection(ProjectConfigurationPlatforms) = postSolution
		{BFB5DA65-BC86-4D1F-9341-E9CAA8B8087E}.Debug|Any CPU.ActiveCfg = Debug|Any CPU
		{BFB5DA65-BC86-4D1F-9341-E9CAA8B8087E}.Debug|Any CPU.Build.0 = Debug|Any CPU
		{BFB5DA65-BC86-4D1F-9341-E9CAA8B8087E}.Release|Any CPU.ActiveCfg = Release|Any CPU
		{BFB5DA65-BC86-4D1F-9341-E9CAA8B8087E}.Release|Any CPU.Build.0 = Release|Any CPU
		{D11AE000-D301-F01A-AAC1-A89A7A3B6F45}.Debug|Any CPU.ActiveCfg = Debug|Any CPU
		{D11AE000-D301-F01A-AAC1-A89A7A3B6F45}.Debug|Any CPU.Build.0 = Debug|Any CPU
		{D11AE000-D301-F01A-AAC1-A89A7A3B6F45}.Release|Any CPU.ActiveCfg = Release|Any CPU
		{D11AE000-D301-F01A-AAC1-A89A7A3B6F45}.Release|Any CPU.Build.0 = Release|Any CPU
		{1A276E1C-193F-179D-0243-CFB89B861CF5}.Debug|Any CPU.ActiveCfg = Debug|Any CPU
		{1A276E1C-193F-179D-0243-CFB89B861CF5}.Debug|Any CPU.Build.0 = Debug|Any CPU
		{1A276E1C-193F-179D-0243-CFB89B861CF5}.Release|Any CPU.ActiveCfg = Release|Any CPU
		{1A276E1C-193F-179D-0243-CFB89B861CF5}.Release|Any CPU.Build.0 = Release|Any CPU
	EndGlobalSection
	GlobalSection(SolutionProperties) = preSolution
		HideSolutionNode = FALSE
	EndGlobalSection
	GlobalSection(ExtensibilityGlobals) = postSolution
		SolutionGuid = {D2F44927-2467-4E3E-B884-2FFD59374FF9}
	EndGlobalSection
EndGlobal
